
Microsoft Visual Studio Solution File, Format Version 12.00
# Visual Studio 2012
Project("{FAE04EC0-301F-11D3-BF4B-00C04F79EFBC}") = "MyProgrammerSuite", "MyProgrammerSuite\MyProgrammerSuite.csproj", "{0A0604FE-B1B8-48DC-9EAC-9115BABE9BF3}"
EndProject
Global
	GlobalSection(SolutionConfigurationPlatforms) = preSolution
		Debug|Any CPU = Debug|Any CPU
		Release|Any CPU = Release|Any CPU
	EndGlobalSection
	GlobalSection(ProjectConfigurationPlatforms) = postSolution
		{0A0604FE-B1B8-48DC-9EAC-9115BABE9BF3}.Debug|Any CPU.ActiveCfg = Debug|Any CPU
		{0A0604FE-B1B8-48DC-9EAC-9115BABE9BF3}.Debug|Any CPU.Build.0 = Debug|Any CPU
		{0A0604FE-B1B8-48DC-9EAC-9115BABE9BF3}.Release|Any CPU.ActiveCfg = Release|Any CPU
		{0A0604FE-B1B8-48DC-9EAC-9115BABE9BF3}.Release|Any CPU.Build.0 = Release|Any CPU
	EndGlobalSection
	GlobalSection(SolutionProperties) = preSolution
		HideSolutionNode = FALSE
	EndGlobalSection
EndGlobal
